
Microsoft Visual Studio Solution File, Format Version 12.00
# Visual Studio 2015
Project("{FAE04EC0-301F-11D3-BF4B-00C04F79EFBC}") = "K!ller.CSharp.Plugins", "K!ller.CSharp.Plugins.csproj", "{B8AA0668-0813-6E54-046D-E8E88A376459}"
EndProject
Project("{FAE04EC0-301F-11D3-BF4B-00C04F79EFBC}") = "K!ller.CSharp", "K!ller.CSharp.csproj", "{465C4D45-8831-2F6A-4B1E-47E90A0A57D9}"
EndProject
Project("{FAE04EC0-301F-11D3-BF4B-00C04F79EFBC}") = "K!ller.CSharp.Editor", "K!ller.CSharp.Editor.csproj", "{DE334A13-A926-DFCD-E615-2C3500CC5B8B}"
EndProject
Global
	GlobalSection(SolutionConfigurationPlatforms) = preSolution
		Debug|Any CPU = Debug|Any CPU
		Release|Any CPU = Release|Any CPU
	EndGlobalSection
	GlobalSection(ProjectConfigurationPlatforms) = postSolution
		{B8AA0668-0813-6E54-046D-E8E88A376459}.Debug|Any CPU.ActiveCfg = Debug|Any CPU
		{B8AA0668-0813-6E54-046D-E8E88A376459}.Debug|Any CPU.Build.0 = Debug|Any CPU
		{B8AA0668-0813-6E54-046D-E8E88A376459}.Release|Any CPU.ActiveCfg = Release|Any CPU
		{B8AA0668-0813-6E54-046D-E8E88A376459}.Release|Any CPU.Build.0 = Release|Any CPU
		{465C4D45-8831-2F6A-4B1E-47E90A0A57D9}.Debug|Any CPU.ActiveCfg = Debug|Any CPU
		{465C4D45-8831-2F6A-4B1E-47E90A0A57D9}.Debug|Any CPU.Build.0 = Debug|Any CPU
		{465C4D45-8831-2F6A-4B1E-47E90A0A57D9}.Release|Any CPU.ActiveCfg = Release|Any CPU
		{465C4D45-8831-2F6A-4B1E-47E90A0A57D9}.Release|Any CPU.Build.0 = Release|Any CPU
		{DE334A13-A926-DFCD-E615-2C3500CC5B8B}.Debug|Any CPU.ActiveCfg = Debug|Any CPU
		{DE334A13-A926-DFCD-E615-2C3500CC5B8B}.Debug|Any CPU.Build.0 = Debug|Any CPU
		{DE334A13-A926-DFCD-E615-2C3500CC5B8B}.Release|Any CPU.ActiveCfg = Release|Any CPU
		{DE334A13-A926-DFCD-E615-2C3500CC5B8B}.Release|Any CPU.Build.0 = Release|Any CPU
	EndGlobalSection
	GlobalSection(SolutionProperties) = preSolution
		HideSolutionNode = FALSE
	EndGlobalSection
EndGlobal
