
Microsoft Visual Studio Solution File, Format Version 12.00
# Visual Studio 2015
Project("{FAE04EC0-301F-11D3-BF4B-00C04F79EFBC}") = "K1ller.CSharp.Plugins", "K1ller.CSharp.Plugins.csproj", "{024C3F60-0E67-6B1D-A8AB-84DF81B7C9D0}"
EndProject
Project("{FAE04EC0-301F-11D3-BF4B-00C04F79EFBC}") = "K1ller.CSharp", "K1ller.CSharp.csproj", "{44E9D3C2-5639-81DD-4CF1-95C3AF860214}"
EndProject
Project("{FAE04EC0-301F-11D3-BF4B-00C04F79EFBC}") = "K1ller.CSharp.Editor", "K1ller.CSharp.Editor.csproj", "{4F8D1517-6ED4-4D09-4C13-3E55D937321E}"
EndProject
Global
	GlobalSection(SolutionConfigurationPlatforms) = preSolution
		Debug|Any CPU = Debug|Any CPU
		Release|Any CPU = Release|Any CPU
	EndGlobalSection
	GlobalSection(ProjectConfigurationPlatforms) = postSolution
		{024C3F60-0E67-6B1D-A8AB-84DF81B7C9D0}.Debug|Any CPU.ActiveCfg = Debug|Any CPU
		{024C3F60-0E67-6B1D-A8AB-84DF81B7C9D0}.Debug|Any CPU.Build.0 = Debug|Any CPU
		{024C3F60-0E67-6B1D-A8AB-84DF81B7C9D0}.Release|Any CPU.ActiveCfg = Release|Any CPU
		{024C3F60-0E67-6B1D-A8AB-84DF81B7C9D0}.Release|Any CPU.Build.0 = Release|Any CPU
		{44E9D3C2-5639-81DD-4CF1-95C3AF860214}.Debug|Any CPU.ActiveCfg = Debug|Any CPU
		{44E9D3C2-5639-81DD-4CF1-95C3AF860214}.Debug|Any CPU.Build.0 = Debug|Any CPU
		{44E9D3C2-5639-81DD-4CF1-95C3AF860214}.Release|Any CPU.ActiveCfg = Release|Any CPU
		{44E9D3C2-5639-81DD-4CF1-95C3AF860214}.Release|Any CPU.Build.0 = Release|Any CPU
		{4F8D1517-6ED4-4D09-4C13-3E55D937321E}.Debug|Any CPU.ActiveCfg = Debug|Any CPU
		{4F8D1517-6ED4-4D09-4C13-3E55D937321E}.Debug|Any CPU.Build.0 = Debug|Any CPU
		{4F8D1517-6ED4-4D09-4C13-3E55D937321E}.Release|Any CPU.ActiveCfg = Release|Any CPU
		{4F8D1517-6ED4-4D09-4C13-3E55D937321E}.Release|Any CPU.Build.0 = Release|Any CPU
	EndGlobalSection
	GlobalSection(SolutionProperties) = preSolution
		HideSolutionNode = FALSE
	EndGlobalSection
EndGlobal
